// !$*UTF8*$!
{
	archiveVersion = 1;
	classes = {
	};
	objectVersion = 50;
	objects = {

/* Begin PBXBuildFile section */
		03685A3D2507CD6500764D95 /* AppDelegate.swift in Sources */ = {isa = PBXBuildFile; fileRef = 03685A3C2507CD6500764D95 /* AppDelegate.swift */; };
		03685A3F2507CD6500764D95 /* SceneDelegate.swift in Sources */ = {isa = PBXBuildFile; fileRef = 03685A3E2507CD6500764D95 /* SceneDelegate.swift */; };
		03685A442507CD6500764D95 /* Main.storyboard in Resources */ = {isa = PBXBuildFile; fileRef = 03685A422507CD6500764D95 /* Main.storyboard */; };
		03685A462507CD6D00764D95 /* Assets.xcassets in Resources */ = {isa = PBXBuildFile; fileRef = 03685A452507CD6D00764D95 /* Assets.xcassets */; };
		03685A492507CD6D00764D95 /* LaunchScreen.storyboard in Resources */ = {isa = PBXBuildFile; fileRef = 03685A472507CD6D00764D95 /* LaunchScreen.storyboard */; };
		03685A542507CD6E00764D95 /* RedditPostTests.swift in Sources */ = {isa = PBXBuildFile; fileRef = 03685A532507CD6E00764D95 /* RedditPostTests.swift */; };
		03685A5F2507CD6E00764D95 /* RedditPostUITests.swift in Sources */ = {isa = PBXBuildFile; fileRef = 03685A5E2507CD6E00764D95 /* RedditPostUITests.swift */; };
		03685A712507CE3900764D95 /* Request.swift in Sources */ = {isa = PBXBuildFile; fileRef = 03685A702507CE3900764D95 /* Request.swift */; };
		03685A742507CE6700764D95 /* RedditModel.swift in Sources */ = {isa = PBXBuildFile; fileRef = 03685A732507CE6700764D95 /* RedditModel.swift */; };
		03685A822507EF3E00764D95 /* UIImageView.swift in Sources */ = {isa = PBXBuildFile; fileRef = 03685A7E2507EF3D00764D95 /* UIImageView.swift */; };
		03685A832507EF3E00764D95 /* UITableViewCell.swift in Sources */ = {isa = PBXBuildFile; fileRef = 03685A7F2507EF3E00764D95 /* UITableViewCell.swift */; };
		03685A842507EF3E00764D95 /* UIView.swift in Sources */ = {isa = PBXBuildFile; fileRef = 03685A802507EF3E00764D95 /* UIView.swift */; };
		03685A852507EF3E00764D95 /* UITableView.swift in Sources */ = {isa = PBXBuildFile; fileRef = 03685A812507EF3E00764D95 /* UITableView.swift */; };
		03685A922507F3B600764D95 /* PostViewController.swift in Sources */ = {isa = PBXBuildFile; fileRef = 03685A902507F3B600764D95 /* PostViewController.swift */; };
		03685A932507F3B600764D95 /* PostViewController.xib in Resources */ = {isa = PBXBuildFile; fileRef = 03685A912507F3B600764D95 /* PostViewController.xib */; };
		03685A972507F3CF00764D95 /* PostCell.swift in Sources */ = {isa = PBXBuildFile; fileRef = 03685A952507F3CF00764D95 /* PostCell.swift */; };
		03685A982507F3CF00764D95 /* PostCell.xib in Resources */ = {isa = PBXBuildFile; fileRef = 03685A962507F3CF00764D95 /* PostCell.xib */; };
		03685A9E2507F42100764D95 /* PostModule.swift in Sources */ = {isa = PBXBuildFile; fileRef = 03685A9D2507F42100764D95 /* PostModule.swift */; };
		03685AA02508117500764D95 /* PostWireframe.swift in Sources */ = {isa = PBXBuildFile; fileRef = 03685A9F2508117500764D95 /* PostWireframe.swift */; };
		03685AA22508119400764D95 /* PostPresenter.swift in Sources */ = {isa = PBXBuildFile; fileRef = 03685AA12508119400764D95 /* PostPresenter.swift */; };
		03685AA4250811B100764D95 /* PostInteractor.swift in Sources */ = {isa = PBXBuildFile; fileRef = 03685AA3250811B100764D95 /* PostInteractor.swift */; };
		03958A4225091DC300359AF9 /* PostApi.swift in Sources */ = {isa = PBXBuildFile; fileRef = 03958A4125091DC300359AF9 /* PostApi.swift */; };
		03958A4525091EE900359AF9 /* Constants.swift in Sources */ = {isa = PBXBuildFile; fileRef = 03958A4425091EE900359AF9 /* Constants.swift */; };
		03958A4C25095B3400359AF9 /* DetailViewController.swift in Sources */ = {isa = PBXBuildFile; fileRef = 03958A4A25095B3400359AF9 /* DetailViewController.swift */; };
		03958A4D25095B3400359AF9 /* DetailViewController.xib in Resources */ = {isa = PBXBuildFile; fileRef = 03958A4B25095B3400359AF9 /* DetailViewController.xib */; };
		03958A4F25095CCA00359AF9 /* DetailModule.swift in Sources */ = {isa = PBXBuildFile; fileRef = 03958A4E25095CCA00359AF9 /* DetailModule.swift */; };
		03958A5125095D0C00359AF9 /* DetailPresenter.swift in Sources */ = {isa = PBXBuildFile; fileRef = 03958A5025095D0C00359AF9 /* DetailPresenter.swift */; };
		03A23DCA250A81EF00FB79E9 /* UIViewController.swift in Sources */ = {isa = PBXBuildFile; fileRef = 03A23DC9250A81EF00FB79E9 /* UIViewController.swift */; };
		03A8CFD2250BFCF1006870ED /* post.json in Resources */ = {isa = PBXBuildFile; fileRef = 03A8CFD1250BFCF1006870ED /* post.json */; };
/* End PBXBuildFile section */

/* Begin PBXContainerItemProxy section */
		03685A502507CD6E00764D95 /* PBXContainerItemProxy */ = {
			isa = PBXContainerItemProxy;
			containerPortal = 03685A312507CD6500764D95 /* Project object */;
			proxyType = 1;
			remoteGlobalIDString = 03685A382507CD6500764D95;
			remoteInfo = RedditPost;
		};
		03685A5B2507CD6E00764D95 /* PBXContainerItemProxy */ = {
			isa = PBXContainerItemProxy;
			containerPortal = 03685A312507CD6500764D95 /* Project object */;
			proxyType = 1;
			remoteGlobalIDString = 03685A382507CD6500764D95;
			remoteInfo = RedditPost;
		};
/* End PBXContainerItemProxy section */

/* Begin PBXFileReference section */
		03685A392507CD6500764D95 /* RedditPost.app */ = {isa = PBXFileReference; explicitFileType = wrapper.application; includeInIndex = 0; path = RedditPost.app; sourceTree = BUILT_PRODUCTS_DIR; };
		03685A3C2507CD6500764D95 /* AppDelegate.swift */ = {isa = PBXFileReference; lastKnownFileType = sourcecode.swift; path = AppDelegate.swift; sourceTree = "<group>"; };
		03685A3E2507CD6500764D95 /* SceneDelegate.swift */ = {isa = PBXFileReference; lastKnownFileType = sourcecode.swift; path = SceneDelegate.swift; sourceTree = "<group>"; };
		03685A432507CD6500764D95 /* Base */ = {isa = PBXFileReference; lastKnownFileType = file.storyboard; name = Base; path = Base.lproj/Main.storyboard; sourceTree = "<group>"; };
		03685A452507CD6D00764D95 /* Assets.xcassets */ = {isa = PBXFileReference; lastKnownFileType = folder.assetcatalog; path = Assets.xcassets; sourceTree = "<group>"; };
		03685A482507CD6D00764D95 /* Base */ = {isa = PBXFileReference; lastKnownFileType = file.storyboard; name = Base; path = Base.lproj/LaunchScreen.storyboard; sourceTree = "<group>"; };
		03685A4A2507CD6D00764D95 /* Info.plist */ = {isa = PBXFileReference; lastKnownFileType = text.plist.xml; path = Info.plist; sourceTree = "<group>"; };
		03685A4F2507CD6E00764D95 /* RedditPostTests.xctest */ = {isa = PBXFileReference; explicitFileType = wrapper.cfbundle; includeInIndex = 0; path = RedditPostTests.xctest; sourceTree = BUILT_PRODUCTS_DIR; };
		03685A532507CD6E00764D95 /* RedditPostTests.swift */ = {isa = PBXFileReference; lastKnownFileType = sourcecode.swift; path = RedditPostTests.swift; sourceTree = "<group>"; };
		03685A552507CD6E00764D95 /* Info.plist */ = {isa = PBXFileReference; lastKnownFileType = text.plist.xml; path = Info.plist; sourceTree = "<group>"; };
		03685A5A2507CD6E00764D95 /* RedditPostUITests.xctest */ = {isa = PBXFileReference; explicitFileType = wrapper.cfbundle; includeInIndex = 0; path = RedditPostUITests.xctest; sourceTree = BUILT_PRODUCTS_DIR; };
		03685A5E2507CD6E00764D95 /* RedditPostUITests.swift */ = {isa = PBXFileReference; lastKnownFileType = sourcecode.swift; path = RedditPostUITests.swift; sourceTree = "<group>"; };
		03685A602507CD6E00764D95 /* Info.plist */ = {isa = PBXFileReference; lastKnownFileType = text.plist.xml; path = Info.plist; sourceTree = "<group>"; };
		03685A702507CE3900764D95 /* Request.swift */ = {isa = PBXFileReference; lastKnownFileType = sourcecode.swift; path = Request.swift; sourceTree = "<group>"; };
		03685A732507CE6700764D95 /* RedditModel.swift */ = {isa = PBXFileReference; lastKnownFileType = sourcecode.swift; path = RedditModel.swift; sourceTree = "<group>"; };
		03685A7E2507EF3D00764D95 /* UIImageView.swift */ = {isa = PBXFileReference; fileEncoding = 4; lastKnownFileType = sourcecode.swift; path = UIImageView.swift; sourceTree = "<group>"; };
		03685A7F2507EF3E00764D95 /* UITableViewCell.swift */ = {isa = PBXFileReference; fileEncoding = 4; lastKnownFileType = sourcecode.swift; path = UITableViewCell.swift; sourceTree = "<group>"; };
		03685A802507EF3E00764D95 /* UIView.swift */ = {isa = PBXFileReference; fileEncoding = 4; lastKnownFileType = sourcecode.swift; path = UIView.swift; sourceTree = "<group>"; };
		03685A812507EF3E00764D95 /* UITableView.swift */ = {isa = PBXFileReference; fileEncoding = 4; lastKnownFileType = sourcecode.swift; path = UITableView.swift; sourceTree = "<group>"; };
		03685A902507F3B600764D95 /* PostViewController.swift */ = {isa = PBXFileReference; lastKnownFileType = sourcecode.swift; path = PostViewController.swift; sourceTree = "<group>"; };
		03685A912507F3B600764D95 /* PostViewController.xib */ = {isa = PBXFileReference; lastKnownFileType = file.xib; path = PostViewController.xib; sourceTree = "<group>"; };
		03685A952507F3CF00764D95 /* PostCell.swift */ = {isa = PBXFileReference; fileEncoding = 4; lastKnownFileType = sourcecode.swift; path = PostCell.swift; sourceTree = "<group>"; };
		03685A962507F3CF00764D95 /* PostCell.xib */ = {isa = PBXFileReference; fileEncoding = 4; lastKnownFileType = file.xib; path = PostCell.xib; sourceTree = "<group>"; };
		03685A9D2507F42100764D95 /* PostModule.swift */ = {isa = PBXFileReference; lastKnownFileType = sourcecode.swift; path = PostModule.swift; sourceTree = "<group>"; };
		03685A9F2508117500764D95 /* PostWireframe.swift */ = {isa = PBXFileReference; lastKnownFileType = sourcecode.swift; path = PostWireframe.swift; sourceTree = "<group>"; };
		03685AA12508119400764D95 /* PostPresenter.swift */ = {isa = PBXFileReference; lastKnownFileType = sourcecode.swift; path = PostPresenter.swift; sourceTree = "<group>"; };
		03685AA3250811B100764D95 /* PostInteractor.swift */ = {isa = PBXFileReference; lastKnownFileType = sourcecode.swift; path = PostInteractor.swift; sourceTree = "<group>"; };
		03958A4125091DC300359AF9 /* PostApi.swift */ = {isa = PBXFileReference; lastKnownFileType = sourcecode.swift; path = PostApi.swift; sourceTree = "<group>"; };
		03958A4425091EE900359AF9 /* Constants.swift */ = {isa = PBXFileReference; lastKnownFileType = sourcecode.swift; path = Constants.swift; sourceTree = "<group>"; };
		03958A4A25095B3400359AF9 /* DetailViewController.swift */ = {isa = PBXFileReference; lastKnownFileType = sourcecode.swift; path = DetailViewController.swift; sourceTree = "<group>"; };
		03958A4B25095B3400359AF9 /* DetailViewController.xib */ = {isa = PBXFileReference; lastKnownFileType = file.xib; path = DetailViewController.xib; sourceTree = "<group>"; };
		03958A4E25095CCA00359AF9 /* DetailModule.swift */ = {isa = PBXFileReference; lastKnownFileType = sourcecode.swift; path = DetailModule.swift; sourceTree = "<group>"; };
		03958A5025095D0C00359AF9 /* DetailPresenter.swift */ = {isa = PBXFileReference; lastKnownFileType = sourcecode.swift; path = DetailPresenter.swift; sourceTree = "<group>"; };
		03A23DC9250A81EF00FB79E9 /* UIViewController.swift */ = {isa = PBXFileReference; lastKnownFileType = sourcecode.swift; path = UIViewController.swift; sourceTree = "<group>"; };
		03A8CFD1250BFCF1006870ED /* post.json */ = {isa = PBXFileReference; lastKnownFileType = text.json; path = post.json; sourceTree = "<group>"; };
/* End PBXFileReference section */

/* Begin PBXFrameworksBuildPhase section */
		03685A362507CD6500764D95 /* Frameworks */ = {
			isa = PBXFrameworksBuildPhase;
			buildActionMask = 2147483647;
			files = (
			);
			runOnlyForDeploymentPostprocessing = 0;
		};
		03685A4C2507CD6E00764D95 /* Frameworks */ = {
			isa = PBXFrameworksBuildPhase;
			buildActionMask = 2147483647;
			files = (
			);
			runOnlyForDeploymentPostprocessing = 0;
		};
		03685A572507CD6E00764D95 /* Frameworks */ = {
			isa = PBXFrameworksBuildPhase;
			buildActionMask = 2147483647;
			files = (
			);
			runOnlyForDeploymentPostprocessing = 0;
		};
/* End PBXFrameworksBuildPhase section */

/* Begin PBXGroup section */
		03685A302507CD6500764D95 = {
			isa = PBXGroup;
			children = (
				03685A3B2507CD6500764D95 /* RedditPost */,
				03685A522507CD6E00764D95 /* RedditPostTests */,
				03685A5D2507CD6E00764D95 /* RedditPostUITests */,
				03685A3A2507CD6500764D95 /* Products */,
			);
			sourceTree = "<group>";
		};
		03685A3A2507CD6500764D95 /* Products */ = {
			isa = PBXGroup;
			children = (
				03685A392507CD6500764D95 /* RedditPost.app */,
				03685A4F2507CD6E00764D95 /* RedditPostTests.xctest */,
				03685A5A2507CD6E00764D95 /* RedditPostUITests.xctest */,
			);
			name = Products;
			sourceTree = "<group>";
		};
		03685A3B2507CD6500764D95 /* RedditPost */ = {
			isa = PBXGroup;
			children = (
				03685A6E2507CE1400764D95 /* Core */,
				03685A6D2507CE0E00764D95 /* Front */,
				03685A6C2507CDF000764D95 /* Resources */,
				03685A422507CD6500764D95 /* Main.storyboard */,
				03685A472507CD6D00764D95 /* LaunchScreen.storyboard */,
				03685A4A2507CD6D00764D95 /* Info.plist */,
			);
			path = RedditPost;
			sourceTree = "<group>";
		};
		03685A522507CD6E00764D95 /* RedditPostTests */ = {
			isa = PBXGroup;
			children = (
				03685A862507F1FD00764D95 /* Test */,
				03685A552507CD6E00764D95 /* Info.plist */,
			);
			path = RedditPostTests;
			sourceTree = "<group>";
		};
		03685A5D2507CD6E00764D95 /* RedditPostUITests */ = {
			isa = PBXGroup;
			children = (
				03685A5E2507CD6E00764D95 /* RedditPostUITests.swift */,
				03685A602507CD6E00764D95 /* Info.plist */,
			);
			path = RedditPostUITests;
			sourceTree = "<group>";
		};
		03685A6C2507CDF000764D95 /* Resources */ = {
			isa = PBXGroup;
			children = (
				03685A3C2507CD6500764D95 /* AppDelegate.swift */,
				03685A3E2507CD6500764D95 /* SceneDelegate.swift */,
				03685A452507CD6D00764D95 /* Assets.xcassets */,
				03A8CFD1250BFCF1006870ED /* post.json */,
			);
			path = Resources;
			sourceTree = "<group>";
		};
		03685A6D2507CE0E00764D95 /* Front */ = {
			isa = PBXGroup;
			children = (
				03958A4625095B0900359AF9 /* Detail */,
				03685A8A2507F36300764D95 /* Posts */,
				03685A7D2507EF2300764D95 /* Extension */,
			);
			path = Front;
			sourceTree = "<group>";
		};
		03685A6E2507CE1400764D95 /* Core */ = {
			isa = PBXGroup;
			children = (
				03958A4325091E6D00359AF9 /* Common */,
				03958A4025091DAD00359AF9 /* Api */,
				03685A722507CE4C00764D95 /* Entity */,
				03685A6F2507CE2C00764D95 /* Request */,
			);
			path = Core;
			sourceTree = "<group>";
		};
		03685A6F2507CE2C00764D95 /* Request */ = {
			isa = PBXGroup;
			children = (
				03685A702507CE3900764D95 /* Request.swift */,
			);
			path = Request;
			sourceTree = "<group>";
		};
		03685A722507CE4C00764D95 /* Entity */ = {
			isa = PBXGroup;
			children = (
				03685A732507CE6700764D95 /* RedditModel.swift */,
			);
			path = Entity;
			sourceTree = "<group>";
		};
		03685A7D2507EF2300764D95 /* Extension */ = {
			isa = PBXGroup;
			children = (
				03685A7E2507EF3D00764D95 /* UIImageView.swift */,
				03685A812507EF3E00764D95 /* UITableView.swift */,
				03685A7F2507EF3E00764D95 /* UITableViewCell.swift */,
				03685A802507EF3E00764D95 /* UIView.swift */,
				03A23DC9250A81EF00FB79E9 /* UIViewController.swift */,
			);
			path = Extension;
			sourceTree = "<group>";
		};
		03685A862507F1FD00764D95 /* Test */ = {
			isa = PBXGroup;
			children = (
				03685A532507CD6E00764D95 /* RedditPostTests.swift */,
			);
			path = Test;
			sourceTree = "<group>";
		};
		03685A8A2507F36300764D95 /* Posts */ = {
			isa = PBXGroup;
			children = (
				03685A9C2507F40B00764D95 /* Interactor */,
				03685A9B2507F40300764D95 /* Presenter */,
				03685A9A2507F3FC00764D95 /* Wireframe */,
				03685A992507F3F400764D95 /* Module */,
				03685A8F2507F39100764D95 /* View */,
			);
			path = Posts;
			sourceTree = "<group>";
		};
		03685A8F2507F39100764D95 /* View */ = {
			isa = PBXGroup;
			children = (
				03685A942507F3BE00764D95 /* Cell */,
				03685A902507F3B600764D95 /* PostViewController.swift */,
				03685A912507F3B600764D95 /* PostViewController.xib */,
			);
			path = View;
			sourceTree = "<group>";
		};
		03685A942507F3BE00764D95 /* Cell */ = {
			isa = PBXGroup;
			children = (
				03685A952507F3CF00764D95 /* PostCell.swift */,
				03685A962507F3CF00764D95 /* PostCell.xib */,
			);
			path = Cell;
			sourceTree = "<group>";
		};
		03685A992507F3F400764D95 /* Module */ = {
			isa = PBXGroup;
			children = (
				03685A9D2507F42100764D95 /* PostModule.swift */,
			);
			path = Module;
			sourceTree = "<group>";
		};
		03685A9A2507F3FC00764D95 /* Wireframe */ = {
			isa = PBXGroup;
			children = (
				03685A9F2508117500764D95 /* PostWireframe.swift */,
			);
			path = Wireframe;
			sourceTree = "<group>";
		};
		03685A9B2507F40300764D95 /* Presenter */ = {
			isa = PBXGroup;
			children = (
				03685AA12508119400764D95 /* PostPresenter.swift */,
			);
			path = Presenter;
			sourceTree = "<group>";
		};
		03685A9C2507F40B00764D95 /* Interactor */ = {
			isa = PBXGroup;
			children = (
				03685AA3250811B100764D95 /* PostInteractor.swift */,
			);
			path = Interactor;
			sourceTree = "<group>";
		};
		03958A4025091DAD00359AF9 /* Api */ = {
			isa = PBXGroup;
			children = (
				03958A4125091DC300359AF9 /* PostApi.swift */,
			);
			path = Api;
			sourceTree = "<group>";
		};
		03958A4325091E6D00359AF9 /* Common */ = {
			isa = PBXGroup;
			children = (
				03958A4425091EE900359AF9 /* Constants.swift */,
			);
			path = Common;
			sourceTree = "<group>";
		};
		03958A4625095B0900359AF9 /* Detail */ = {
			isa = PBXGroup;
			children = (
				03958A4925095B2100359AF9 /* Module */,
				03958A4825095B1A00359AF9 /* View */,
				03958A4725095B1400359AF9 /* Presenter */,
			);
			path = Detail;
			sourceTree = "<group>";
		};
		03958A4725095B1400359AF9 /* Presenter */ = {
			isa = PBXGroup;
			children = (
				03958A5025095D0C00359AF9 /* DetailPresenter.swift */,
			);
			path = Presenter;
			sourceTree = "<group>";
		};
		03958A4825095B1A00359AF9 /* View */ = {
			isa = PBXGroup;
			children = (
				03958A4A25095B3400359AF9 /* DetailViewController.swift */,
				03958A4B25095B3400359AF9 /* DetailViewController.xib */,
			);
			path = View;
			sourceTree = "<group>";
		};
		03958A4925095B2100359AF9 /* Module */ = {
			isa = PBXGroup;
			children = (
				03958A4E25095CCA00359AF9 /* DetailModule.swift */,
			);
			path = Module;
			sourceTree = "<group>";
		};
/* End PBXGroup section */

/* Begin PBXNativeTarget section */
		03685A382507CD6500764D95 /* RedditPost */ = {
			isa = PBXNativeTarget;
			buildConfigurationList = 03685A632507CD6E00764D95 /* Build configuration list for PBXNativeTarget "RedditPost" */;
			buildPhases = (
				03685A352507CD6500764D95 /* Sources */,
				03685A362507CD6500764D95 /* Frameworks */,
				03685A372507CD6500764D95 /* Resources */,
			);
			buildRules = (
			);
			dependencies = (
			);
			name = RedditPost;
			productName = RedditPost;
			productReference = 03685A392507CD6500764D95 /* RedditPost.app */;
			productType = "com.apple.product-type.application";
		};
		03685A4E2507CD6E00764D95 /* RedditPostTests */ = {
			isa = PBXNativeTarget;
			buildConfigurationList = 03685A662507CD6E00764D95 /* Build configuration list for PBXNativeTarget "RedditPostTests" */;
			buildPhases = (
				03685A4B2507CD6E00764D95 /* Sources */,
				03685A4C2507CD6E00764D95 /* Frameworks */,
				03685A4D2507CD6E00764D95 /* Resources */,
			);
			buildRules = (
			);
			dependencies = (
				03685A512507CD6E00764D95 /* PBXTargetDependency */,
			);
			name = RedditPostTests;
			productName = RedditPostTests;
			productReference = 03685A4F2507CD6E00764D95 /* RedditPostTests.xctest */;
			productType = "com.apple.product-type.bundle.unit-test";
		};
		03685A592507CD6E00764D95 /* RedditPostUITests */ = {
			isa = PBXNativeTarget;
			buildConfigurationList = 03685A692507CD6E00764D95 /* Build configuration list for PBXNativeTarget "RedditPostUITests" */;
			buildPhases = (
				03685A562507CD6E00764D95 /* Sources */,
				03685A572507CD6E00764D95 /* Frameworks */,
				03685A582507CD6E00764D95 /* Resources */,
			);
			buildRules = (
			);
			dependencies = (
				03685A5C2507CD6E00764D95 /* PBXTargetDependency */,
			);
			name = RedditPostUITests;
			productName = RedditPostUITests;
			productReference = 03685A5A2507CD6E00764D95 /* RedditPostUITests.xctest */;
			productType = "com.apple.product-type.bundle.ui-testing";
		};
/* End PBXNativeTarget section */

/* Begin PBXProject section */
		03685A312507CD6500764D95 /* Project object */ = {
			isa = PBXProject;
			attributes = {
				LastSwiftUpdateCheck = 1150;
				LastUpgradeCheck = 1150;
				ORGANIZATIONNAME = "Nicolas Wang";
				TargetAttributes = {
					03685A382507CD6500764D95 = {
						CreatedOnToolsVersion = 11.5;
					};
					03685A4E2507CD6E00764D95 = {
						CreatedOnToolsVersion = 11.5;
						TestTargetID = 03685A382507CD6500764D95;
					};
					03685A592507CD6E00764D95 = {
						CreatedOnToolsVersion = 11.5;
						TestTargetID = 03685A382507CD6500764D95;
					};
				};
			};
			buildConfigurationList = 03685A342507CD6500764D95 /* Build configuration list for PBXProject "RedditPost" */;
			compatibilityVersion = "Xcode 9.3";
			developmentRegion = en;
			hasScannedForEncodings = 0;
			knownRegions = (
				en,
				Base,
			);
			mainGroup = 03685A302507CD6500764D95;
			productRefGroup = 03685A3A2507CD6500764D95 /* Products */;
			projectDirPath = "";
			projectRoot = "";
			targets = (
				03685A382507CD6500764D95 /* RedditPost */,
				03685A4E2507CD6E00764D95 /* RedditPostTests */,
				03685A592507CD6E00764D95 /* RedditPostUITests */,
			);
		};
/* End PBXProject section */

/* Begin PBXResourcesBuildPhase section */
		03685A372507CD6500764D95 /* Resources */ = {
			isa = PBXResourcesBuildPhase;
			buildActionMask = 2147483647;
			files = (
				03685A932507F3B600764D95 /* PostViewController.xib in Resources */,
				03958A4D25095B3400359AF9 /* DetailViewController.xib in Resources */,
				03685A492507CD6D00764D95 /* LaunchScreen.storyboard in Resources */,
				03685A982507F3CF00764D95 /* PostCell.xib in Resources */,
				03685A462507CD6D00764D95 /* Assets.xcassets in Resources */,
				03685A442507CD6500764D95 /* Main.storyboard in Resources */,
				03A8CFD2250BFCF1006870ED /* post.json in Resources */,
			);
			runOnlyForDeploymentPostprocessing = 0;
		};
		03685A4D2507CD6E00764D95 /* Resources */ = {
			isa = PBXResourcesBuildPhase;
			buildActionMask = 2147483647;
			files = (
			);
			runOnlyForDeploymentPostprocessing = 0;
		};
		03685A582507CD6E00764D95 /* Resources */ = {
			isa = PBXResourcesBuildPhase;
			buildActionMask = 2147483647;
			files = (
			);
			runOnlyForDeploymentPostprocessing = 0;
		};
/* End PBXResourcesBuildPhase section */

/* Begin PBXSourcesBuildPhase section */
		03685A352507CD6500764D95 /* Sources */ = {
			isa = PBXSourcesBuildPhase;
			buildActionMask = 2147483647;
			files = (
				03685A922507F3B600764D95 /* PostViewController.swift in Sources */,
				03958A4C25095B3400359AF9 /* DetailViewController.swift in Sources */,
				03685AA22508119400764D95 /* PostPresenter.swift in Sources */,
				03685A3D2507CD6500764D95 /* AppDelegate.swift in Sources */,
				03685A822507EF3E00764D95 /* UIImageView.swift in Sources */,
				03685A742507CE6700764D95 /* RedditModel.swift in Sources */,
				03685A842507EF3E00764D95 /* UIView.swift in Sources */,
				03685A832507EF3E00764D95 /* UITableViewCell.swift in Sources */,
				03958A4F25095CCA00359AF9 /* DetailModule.swift in Sources */,
				03958A4525091EE900359AF9 /* Constants.swift in Sources */,
				03958A5125095D0C00359AF9 /* DetailPresenter.swift in Sources */,
				03685A852507EF3E00764D95 /* UITableView.swift in Sources */,
				03685AA4250811B100764D95 /* PostInteractor.swift in Sources */,
				03685A9E2507F42100764D95 /* PostModule.swift in Sources */,
				03A23DCA250A81EF00FB79E9 /* UIViewController.swift in Sources */,
				03958A4225091DC300359AF9 /* PostApi.swift in Sources */,
				03685A712507CE3900764D95 /* Request.swift in Sources */,
				03685A3F2507CD6500764D95 /* SceneDelegate.swift in Sources */,
				03685AA02508117500764D95 /* PostWireframe.swift in Sources */,
				03685A972507F3CF00764D95 /* PostCell.swift in Sources */,
			);
			runOnlyForDeploymentPostprocessing = 0;
		};
		03685A4B2507CD6E00764D95 /* Sources */ = {
			isa = PBXSourcesBuildPhase;
			buildActionMask = 2147483647;
			files = (
				03685A542507CD6E00764D95 /* RedditPostTests.swift in Sources */,
			);
			runOnlyForDeploymentPostprocessing = 0;
		};
		03685A562507CD6E00764D95 /* Sources */ = {
			isa = PBXSourcesBuildPhase;
			buildActionMask = 2147483647;
			files = (
				03685A5F2507CD6E00764D95 /* RedditPostUITests.swift in Sources */,
			);
			runOnlyForDeploymentPostprocessing = 0;
		};
/* End PBXSourcesBuildPhase section */

/* Begin PBXTargetDependency section */
		03685A512507CD6E00764D95 /* PBXTargetDependency */ = {
			isa = PBXTargetDependency;
			target = 03685A382507CD6500764D95 /* RedditPost */;
			targetProxy = 03685A502507CD6E00764D95 /* PBXContainerItemProxy */;
		};
		03685A5C2507CD6E00764D95 /* PBXTargetDependency */ = {
			isa = PBXTargetDependency;
			target = 03685A382507CD6500764D95 /* RedditPost */;
			targetProxy = 03685A5B2507CD6E00764D95 /* PBXContainerItemProxy */;
		};
/* End PBXTargetDependency section */

/* Begin PBXVariantGroup section */
		03685A422507CD6500764D95 /* Main.storyboard */ = {
			isa = PBXVariantGroup;
			children = (
				03685A432507CD6500764D95 /* Base */,
			);
			name = Main.storyboard;
			sourceTree = "<group>";
		};
		03685A472507CD6D00764D95 /* LaunchScreen.storyboard */ = {
			isa = PBXVariantGroup;
			children = (
				03685A482507CD6D00764D95 /* Base */,
			);
			name = LaunchScreen.storyboard;
			sourceTree = "<group>";
		};
/* End PBXVariantGroup section */

/* Begin XCBuildConfiguration section */
		03685A612507CD6E00764D95 /* Debug */ = {
			isa = XCBuildConfiguration;
			buildSettings = {
				ALWAYS_SEARCH_USER_PATHS = NO;
				CLANG_ANALYZER_NONNULL = YES;
				CLANG_ANALYZER_NUMBER_OBJECT_CONVERSION = YES_AGGRESSIVE;
				CLANG_CXX_LANGUAGE_STANDARD = "gnu++14";
				CLANG_CXX_LIBRARY = "libc++";
				CLANG_ENABLE_MODULES = YES;
				CLANG_ENABLE_OBJC_ARC = YES;
				CLANG_ENABLE_OBJC_WEAK = YES;
				CLANG_WARN_BLOCK_CAPTURE_AUTORELEASING = YES;
				CLANG_WARN_BOOL_CONVERSION = YES;
				CLANG_WARN_COMMA = YES;
				CLANG_WARN_CONSTANT_CONVERSION = YES;
				CLANG_WARN_DEPRECATED_OBJC_IMPLEMENTATIONS = YES;
				CLANG_WARN_DIRECT_OBJC_ISA_USAGE = YES_ERROR;
				CLANG_WARN_DOCUMENTATION_COMMENTS = YES;
				CLANG_WARN_EMPTY_BODY = YES;
				CLANG_WARN_ENUM_CONVERSION = YES;
				CLANG_WARN_INFINITE_RECURSION = YES;
				CLANG_WARN_INT_CONVERSION = YES;
				CLANG_WARN_NON_LITERAL_NULL_CONVERSION = YES;
				CLANG_WARN_OBJC_IMPLICIT_RETAIN_SELF = YES;
				CLANG_WARN_OBJC_LITERAL_CONVERSION = YES;
				CLANG_WARN_OBJC_ROOT_CLASS = YES_ERROR;
				CLANG_WARN_RANGE_LOOP_ANALYSIS = YES;
				CLANG_WARN_STRICT_PROTOTYPES = YES;
				CLANG_WARN_SUSPICIOUS_MOVE = YES;
				CLANG_WARN_UNGUARDED_AVAILABILITY = YES_AGGRESSIVE;
				CLANG_WARN_UNREACHABLE_CODE = YES;
				CLANG_WARN__DUPLICATE_METHOD_MATCH = YES;
				COPY_PHASE_STRIP = NO;
				DEBUG_INFORMATION_FORMAT = dwarf;
				ENABLE_STRICT_OBJC_MSGSEND = YES;
				ENABLE_TESTABILITY = YES;
				GCC_C_LANGUAGE_STANDARD = gnu11;
				GCC_DYNAMIC_NO_PIC = NO;
				GCC_NO_COMMON_BLOCKS = YES;
				GCC_OPTIMIZATION_LEVEL = 0;
				GCC_PREPROCESSOR_DEFINITIONS = (
					"DEBUG=1",
					"$(inherited)",
				);
				GCC_WARN_64_TO_32_BIT_CONVERSION = YES;
				GCC_WARN_ABOUT_RETURN_TYPE = YES_ERROR;
				GCC_WARN_UNDECLARED_SELECTOR = YES;
				GCC_WARN_UNINITIALIZED_AUTOS = YES_AGGRESSIVE;
				GCC_WARN_UNUSED_FUNCTION = YES;
				GCC_WARN_UNUSED_VARIABLE = YES;
				IPHONEOS_DEPLOYMENT_TARGET = 13.5;
				MTL_ENABLE_DEBUG_INFO = INCLUDE_SOURCE;
				MTL_FAST_MATH = YES;
				ONLY_ACTIVE_ARCH = YES;
				SDKROOT = iphoneos;
				SWIFT_ACTIVE_COMPILATION_CONDITIONS = DEBUG;
				SWIFT_OPTIMIZATION_LEVEL = "-Onone";
			};
			name = Debug;
		};
		03685A622507CD6E00764D95 /* Release */ = {
			isa = XCBuildConfiguration;
			buildSettings = {
				ALWAYS_SEARCH_USER_PATHS = NO;
				CLANG_ANALYZER_NONNULL = YES;
				CLANG_ANALYZER_NUMBER_OBJECT_CONVERSION = YES_AGGRESSIVE;
				CLANG_CXX_LANGUAGE_STANDARD = "gnu++14";
				CLANG_CXX_LIBRARY = "libc++";
				CLANG_ENABLE_MODULES = YES;
				CLANG_ENABLE_OBJC_ARC = YES;
				CLANG_ENABLE_OBJC_WEAK = YES;
				CLANG_WARN_BLOCK_CAPTURE_AUTORELEASING = YES;
				CLANG_WARN_BOOL_CONVERSION = YES;
				CLANG_WARN_COMMA = YES;
				CLANG_WARN_CONSTANT_CONVERSION = YES;
				CLANG_WARN_DEPRECATED_OBJC_IMPLEMENTATIONS = YES;
				CLANG_WARN_DIRECT_OBJC_ISA_USAGE = YES_ERROR;
				CLANG_WARN_DOCUMENTATION_COMMENTS = YES;
				CLANG_WARN_EMPTY_BODY = YES;
				CLANG_WARN_ENUM_CONVERSION = YES;
				CLANG_WARN_INFINITE_RECURSION = YES;
				CLANG_WARN_INT_CONVERSION = YES;
				CLANG_WARN_NON_LITERAL_NULL_CONVERSION = YES;
				CLANG_WARN_OBJC_IMPLICIT_RETAIN_SELF = YES;
				CLANG_WARN_OBJC_LITERAL_CONVERSION = YES;
				CLANG_WARN_OBJC_ROOT_CLASS = YES_ERROR;
				CLANG_WARN_RANGE_LOOP_ANALYSIS = YES;
				CLANG_WARN_STRICT_PROTOTYPES = YES;
				CLANG_WARN_SUSPICIOUS_MOVE = YES;
				CLANG_WARN_UNGUARDED_AVAILABILITY = YES_AGGRESSIVE;
				CLANG_WARN_UNREACHABLE_CODE = YES;
				CLANG_WARN__DUPLICATE_METHOD_MATCH = YES;
				COPY_PHASE_STRIP = NO;
				DEBUG_INFORMATION_FORMAT = "dwarf-with-dsym";
				ENABLE_NS_ASSERTIONS = NO;
				ENABLE_STRICT_OBJC_MSGSEND = YES;
				GCC_C_LANGUAGE_STANDARD = gnu11;
				GCC_NO_COMMON_BLOCKS = YES;
				GCC_WARN_64_TO_32_BIT_CONVERSION = YES;
				GCC_WARN_ABOUT_RETURN_TYPE = YES_ERROR;
				GCC_WARN_UNDECLARED_SELECTOR = YES;
				GCC_WARN_UNINITIALIZED_AUTOS = YES_AGGRESSIVE;
				GCC_WARN_UNUSED_FUNCTION = YES;
				GCC_WARN_UNUSED_VARIABLE = YES;
				IPHONEOS_DEPLOYMENT_TARGET = 13.5;
				MTL_ENABLE_DEBUG_INFO = NO;
				MTL_FAST_MATH = YES;
				SDKROOT = iphoneos;
				SWIFT_COMPILATION_MODE = wholemodule;
				SWIFT_OPTIMIZATION_LEVEL = "-O";
				VALIDATE_PRODUCT = YES;
			};
			name = Release;
		};
		03685A642507CD6E00764D95 /* Debug */ = {
			isa = XCBuildConfiguration;
			buildSettings = {
				ASSETCATALOG_COMPILER_APPICON_NAME = AppIcon;
				CODE_SIGN_STYLE = Automatic;
				INFOPLIST_FILE = RedditPost/Info.plist;
				LD_RUNPATH_SEARCH_PATHS = (
					"$(inherited)",
					"@executable_path/Frameworks",
				);
				PRODUCT_BUNDLE_IDENTIFIER = com.nicoWang.RedditPost;
				PRODUCT_NAME = "$(TARGET_NAME)";
				SWIFT_VERSION = 5.0;
				TARGETED_DEVICE_FAMILY = "1,2";
			};
			name = Debug;
		};
		03685A652507CD6E00764D95 /* Release */ = {
			isa = XCBuildConfiguration;
			buildSettings = {
				ASSETCATALOG_COMPILER_APPICON_NAME = AppIcon;
				CODE_SIGN_STYLE = Automatic;
				INFOPLIST_FILE = RedditPost/Info.plist;
				LD_RUNPATH_SEARCH_PATHS = (
					"$(inherited)",
					"@executable_path/Frameworks",
				);
				PRODUCT_BUNDLE_IDENTIFIER = com.nicoWang.RedditPost;
				PRODUCT_NAME = "$(TARGET_NAME)";
				SWIFT_VERSION = 5.0;
				TARGETED_DEVICE_FAMILY = "1,2";
			};
			name = Release;
		};
		03685A672507CD6E00764D95 /* Debug */ = {
			isa = XCBuildConfiguration;
			buildSettings = {
				ALWAYS_EMBED_SWIFT_STANDARD_LIBRARIES = YES;
				BUNDLE_LOADER = "$(TEST_HOST)";
				CODE_SIGN_STYLE = Automatic;
				INFOPLIST_FILE = RedditPostTests/Info.plist;
				IPHONEOS_DEPLOYMENT_TARGET = 13.5;
				LD_RUNPATH_SEARCH_PATHS = (
					"$(inherited)",
					"@executable_path/Frameworks",
					"@loader_path/Frameworks",
				);
				PRODUCT_BUNDLE_IDENTIFIER = com.nicoWang.RedditPostTests;
				PRODUCT_NAME = "$(TARGET_NAME)";
				SWIFT_VERSION = 5.0;
				TARGETED_DEVICE_FAMILY = "1,2";
				TEST_HOST = "$(BUILT_PRODUCTS_DIR)/RedditPost.app/RedditPost";
			};
			name = Debug;
		};
		03685A682507CD6E00764D95 /* Release */ = {
			isa = XCBuildConfiguration;
			buildSettings = {
				ALWAYS_EMBED_SWIFT_STANDARD_LIBRARIES = YES;
				BUNDLE_LOADER = "$(TEST_HOST)";
				CODE_SIGN_STYLE = Automatic;
				INFOPLIST_FILE = RedditPostTests/Info.plist;
				IPHONEOS_DEPLOYMENT_TARGET = 13.5;
				LD_RUNPATH_SEARCH_PATHS = (
					"$(inherited)",
					"@executable_path/Frameworks",
					"@loader_path/Frameworks",
				);
				PRODUCT_BUNDLE_IDENTIFIER = com.nicoWang.RedditPostTests;
				PRODUCT_NAME = "$(TARGET_NAME)";
				SWIFT_VERSION = 5.0;
				TARGETED_DEVICE_FAMILY = "1,2";
				TEST_HOST = "$(BUILT_PRODUCTS_DIR)/RedditPost.app/RedditPost";
			};
			name = Release;
		};
		03685A6A2507CD6E00764D95 /* Debug */ = {
			isa = XCBuildConfiguration;
			buildSettings = {
				ALWAYS_EMBED_SWIFT_STANDARD_LIBRARIES = YES;
				CODE_SIGN_STYLE = Automatic;
				INFOPLIST_FILE = RedditPostUITests/Info.plist;
				LD_RUNPATH_SEARCH_PATHS = (
					"$(inherited)",
					"@executable_path/Frameworks",
					"@loader_path/Frameworks",
				);
				PRODUCT_BUNDLE_IDENTIFIER = com.nicoWang.RedditPostUITests;
				PRODUCT_NAME = "$(TARGET_NAME)";
				SWIFT_VERSION = 5.0;
				TARGETED_DEVICE_FAMILY = "1,2";
				TEST_TARGET_NAME = RedditPost;
			};
			name = Debug;
		};
		03685A6B2507CD6E00764D95 /* Release */ = {
			isa = XCBuildConfiguration;
			buildSettings = {
				ALWAYS_EMBED_SWIFT_STANDARD_LIBRARIES = YES;
				CODE_SIGN_STYLE = Automatic;
				INFOPLIST_FILE = RedditPostUITests/Info.plist;
				LD_RUNPATH_SEARCH_PATHS = (
					"$(inherited)",
					"@executable_path/Frameworks",
					"@loader_path/Frameworks",
				);
				PRODUCT_BUNDLE_IDENTIFIER = com.nicoWang.RedditPostUITests;
				PRODUCT_NAME = "$(TARGET_NAME)";
				SWIFT_VERSION = 5.0;
				TARGETED_DEVICE_FAMILY = "1,2";
				TEST_TARGET_NAME = RedditPost;
			};
			name = Release;
		};
/* End XCBuildConfiguration section */

/* Begin XCConfigurationList section */
		03685A342507CD6500764D95 /* Build configuration list for PBXProject "RedditPost" */ = {
			isa = XCConfigurationList;
			buildConfigurations = (
				03685A612507CD6E00764D95 /* Debug */,
				03685A622507CD6E00764D95 /* Release */,
			);
			defaultConfigurationIsVisible = 0;
			defaultConfigurationName = Release;
		};
		03685A632507CD6E00764D95 /* Build configuration list for PBXNativeTarget "RedditPost" */ = {
			isa = XCConfigurationList;
			buildConfigurations = (
				03685A642507CD6E00764D95 /* Debug */,
				03685A652507CD6E00764D95 /* Release */,
			);
			defaultConfigurationIsVisible = 0;
			defaultConfigurationName = Release;
		};
		03685A662507CD6E00764D95 /* Build configuration list for PBXNativeTarget "RedditPostTests" */ = {
			isa = XCConfigurationList;
			buildConfigurations = (
				03685A672507CD6E00764D95 /* Debug */,
				03685A682507CD6E00764D95 /* Release */,
			);
			defaultConfigurationIsVisible = 0;
			defaultConfigurationName = Release;
		};
		03685A692507CD6E00764D95 /* Build configuration list for PBXNativeTarget "RedditPostUITests" */ = {
			isa = XCConfigurationList;
			buildConfigurations = (
				03685A6A2507CD6E00764D95 /* Debug */,
				03685A6B2507CD6E00764D95 /* Release */,
			);
			defaultConfigurationIsVisible = 0;
			defaultConfigurationName = Release;
		};
/* End XCConfigurationList section */
	};
	rootObject = 03685A312507CD6500764D95 /* Project object */;
}
